
Microsoft Visual Studio Solution File, Format Version 12.00
# Visual Studio Version 17
VisualStudioVersion = 17.2.32526.322
MinimumVisualStudioVersion = 10.0.40219.1
Project("{FAE04EC0-301F-11D3-BF4B-00C04F79EFBC}") = "IntegerToDateTime", "IntegerToDateTime\IntegerToDateTime.csproj", "{97FDF91A-17D4-4681-B8C0-85030DCD33D0}"
EndProject
Global
	GlobalSection(SolutionConfigurationPlatforms) = preSolution
		Debug|Any CPU = Debug|Any CPU
		Release|Any CPU = Release|Any CPU
	EndGlobalSection
	GlobalSection(ProjectConfigurationPlatforms) = postSolution
		{97FDF91A-17D4-4681-B8C0-85030DCD33D0}.Debug|Any CPU.ActiveCfg = Debug|Any CPU
		{97FDF91A-17D4-4681-B8C0-85030DCD33D0}.Debug|Any CPU.Build.0 = Debug|Any CPU
		{97FDF91A-17D4-4681-B8C0-85030DCD33D0}.Release|Any CPU.ActiveCfg = Release|Any CPU
		{97FDF91A-17D4-4681-B8C0-85030DCD33D0}.Release|Any CPU.Build.0 = Release|Any CPU
	EndGlobalSection
	GlobalSection(SolutionProperties) = preSolution
		HideSolutionNode = FALSE
	EndGlobalSection
	GlobalSection(ExtensibilityGlobals) = postSolution
		SolutionGuid = {00A6D560-94BF-4DDA-AE25-77955EFC57FE}
	EndGlobalSection
EndGlobal
